
Microsoft Visual Studio Solution File, Format Version 12.00
# Visual Studio Version 17
VisualStudioVersion = 17.6.33829.357
MinimumVisualStudioVersion = 10.0.40219.1
Project("{FAE04EC0-301F-11D3-BF4B-00C04F79EFBC}") = "e-ticaret1", "e-ticaret1\e-ticaret1.csproj", "{193C8B72-6329-494A-9858-3FA483612706}"
EndProject
Global
	GlobalSection(SolutionConfigurationPlatforms) = preSolution
		Debug|Any CPU = Debug|Any CPU
		Release|Any CPU = Release|Any CPU
	EndGlobalSection
	GlobalSection(ProjectConfigurationPlatforms) = postSolution
		{193C8B72-6329-494A-9858-3FA483612706}.Debug|Any CPU.ActiveCfg = Debug|Any CPU
		{193C8B72-6329-494A-9858-3FA483612706}.Debug|Any CPU.Build.0 = Debug|Any CPU
		{193C8B72-6329-494A-9858-3FA483612706}.Release|Any CPU.ActiveCfg = Release|Any CPU
		{193C8B72-6329-494A-9858-3FA483612706}.Release|Any CPU.Build.0 = Release|Any CPU
	EndGlobalSection
	GlobalSection(SolutionProperties) = preSolution
		HideSolutionNode = FALSE
	EndGlobalSection
	GlobalSection(ExtensibilityGlobals) = postSolution
		SolutionGuid = {AE361261-505B-42FB-A596-721E2E5A181D}
	EndGlobalSection
EndGlobal
